<?xml version="1.0" encoding="utf-8"?>
<Project ToolsVersion="4.0" xmlns="http://schemas.microsoft.com/developer/msbuild/2003">
  <ItemGroup>
    <Filter Include="Engine">
      <UniqueIdentifier>{e85e32dd-d53c-44ae-b55f-9aa2b8f0051f}</UniqueIdentifier>
    </Filter>
    <Filter Include="Utils">
      <UniqueIdentifier>{8fa15e65-0aba-4e84-bacd-473f8992ae40}</UniqueIdentifier>
    </Filter>
    <Filter Include="Engine\System">
      <UniqueIdentifier>{099fae6b-ea7e-4c61-b15f-de5176efe874}</UniqueIdentifier>
    </Filter>
    <Filter Include="Engine\Resources">
      <UniqueIdentifier>{a9c8dc17-3f39-4368-af68-af4438a66014}</UniqueIdentifier>
    </Filter>
    <Filter Include="Engine\Resources\Manager">
      <UniqueIdentifier>{0942bc5a-0db9-4dfb-90cd-4a903318c64d}</UniqueIdentifier>
    </Filter>
  </ItemGroup>
  <ItemGroup>
    <ClInclude Include="framework.h">
      <Filter>Utils</Filter>
    </ClInclude>
    <ClInclude Include="pch.h">
      <Filter>Utils</Filter>
    </ClInclude>
    <ClInclude Include="EngineStdafx.h">
      <Filter>Utils</Filter>
    </ClInclude>
    <ClInclude Include="GraphicDevice.h">
      <Filter>Engine\System</Filter>
    </ClInclude>
    <ClInclude Include="Texture.h">
      <Filter>Engine\Resources</Filter>
    </ClInclude>
    <ClInclude Include="Texture_Manager.h">
      <Filter>Engine\Resources\Manager</Filter>
    </ClInclude>
  </ItemGroup>
  <ItemGroup>
    <ClCompile Include="Engine.cpp">
      <Filter>Utils</Filter>
    </ClCompile>
    <ClCompile Include="pch.cpp">
      <Filter>Utils</Filter>
    </ClCompile>
    <ClCompile Include="EngineStdafx.cpp">
      <Filter>Utils</Filter>
    </ClCompile>
    <ClCompile Include="GraphicDevice.cpp">
      <Filter>Engine\System</Filter>
    </ClCompile>
    <ClCompile Include="Texture.cpp">
      <Filter>Engine\Resources</Filter>
    </ClCompile>
    <ClCompile Include="Texture_Manager.cpp">
      <Filter>Engine\Resources\Manager</Filter>
    </ClCompile>
  </ItemGroup>
</Project>