<?xml version="1.0" encoding="utf-8"?>
<Project ToolsVersion="4.0" xmlns="http://schemas.microsoft.com/developer/msbuild/2003">
  <ItemGroup>
    <Filter Include="Engine">
      <UniqueIdentifier>{e85e32dd-d53c-44ae-b55f-9aa2b8f0051f}</UniqueIdentifier>
    </Filter>
    <Filter Include="Utils">
      <UniqueIdentifier>{8fa15e65-0aba-4e84-bacd-473f8992ae40}</UniqueIdentifier>
    </Filter>
    <Filter Include="Engine\System">
      <UniqueIdentifier>{099fae6b-ea7e-4c61-b15f-de5176efe874}</UniqueIdentifier>
    </Filter>
    <Filter Include="Engine\Resources">
      <UniqueIdentifier>{a9c8dc17-3f39-4368-af68-af4438a66014}</UniqueIdentifier>
    </Filter>
    <Filter Include="Engine\Resources\Manager">
      <UniqueIdentifier>{0942bc5a-0db9-4dfb-90cd-4a903318c64d}</UniqueIdentifier>
    </Filter>
    <Filter Include="Utils\Component">
      <UniqueIdentifier>{f8041424-5913-4f1b-80c5-0f51b0c02b83}</UniqueIdentifier>
    </Filter>
    <Filter Include="Utils\GameObject">
      <UniqueIdentifier>{61e5e22a-8124-4177-b77f-ea7f74fcd7f5}</UniqueIdentifier>
    </Filter>
    <Filter Include="Utils\Component\Transform">
      <UniqueIdentifier>{b8f903c4-530f-40aa-82ff-65dd6fa1fbf9}</UniqueIdentifier>
    </Filter>
    <Filter Include="Utils\Scene">
      <UniqueIdentifier>{cf6acf2f-f123-4890-a19a-9a78b116e2a7}</UniqueIdentifier>
    </Filter>
  </ItemGroup>
  <ItemGroup>
    <ClInclude Include="framework.h">
      <Filter>Utils</Filter>
    </ClInclude>
    <ClInclude Include="pch.h">
      <Filter>Utils</Filter>
    </ClInclude>
    <ClInclude Include="EngineStdafx.h">
      <Filter>Utils</Filter>
    </ClInclude>
    <ClInclude Include="GraphicDevice.h">
      <Filter>Engine\System</Filter>
    </ClInclude>
    <ClInclude Include="Texture.h">
      <Filter>Engine\Resources</Filter>
    </ClInclude>
    <ClInclude Include="Texture_Manager.h">
      <Filter>Engine\Resources\Manager</Filter>
    </ClInclude>
    <ClInclude Include="Timer.h">
      <Filter>Engine\System</Filter>
    </ClInclude>
    <ClInclude Include="Component.h">
      <Filter>Utils\Component</Filter>
    </ClInclude>
    <ClInclude Include="GameObject.h">
      <Filter>Utils\GameObject</Filter>
    </ClInclude>
    <ClInclude Include="Transform.h">
      <Filter>Utils\Component\Transform</Filter>
    </ClInclude>
    <ClInclude Include="Scene.h">
      <Filter>Utils\Scene</Filter>
    </ClInclude>
  </ItemGroup>
  <ItemGroup>
    <ClCompile Include="Engine.cpp">
      <Filter>Utils</Filter>
    </ClCompile>
    <ClCompile Include="pch.cpp">
      <Filter>Utils</Filter>
    </ClCompile>
    <ClCompile Include="EngineStdafx.cpp">
      <Filter>Utils</Filter>
    </ClCompile>
    <ClCompile Include="GraphicDevice.cpp">
      <Filter>Engine\System</Filter>
    </ClCompile>
    <ClCompile Include="Texture.cpp">
      <Filter>Engine\Resources</Filter>
    </ClCompile>
    <ClCompile Include="Texture_Manager.cpp">
      <Filter>Engine\Resources\Manager</Filter>
    </ClCompile>
    <ClCompile Include="Timer.cpp">
      <Filter>Engine\System</Filter>
    </ClCompile>
    <ClCompile Include="Component.cpp">
      <Filter>Utils\Component</Filter>
    </ClCompile>
    <ClCompile Include="GameObject.cpp">
      <Filter>Utils\GameObject</Filter>
    </ClCompile>
    <ClCompile Include="Transform.cpp">
      <Filter>Utils\Component\Transform</Filter>
    </ClCompile>
    <ClCompile Include="Scene.cpp">
      <Filter>Utils\Scene</Filter>
    </ClCompile>
  </ItemGroup>
</Project>